{
  "name": "google-tts",
  "version": "1.0.0",
  "lockfileVersion": 1,
  "requires": true,
  "dependencies": {
    "async": {
      "version": "1.5.2",
      "resolved": "https://registry.npmjs.org/async/-/async-1.5.2.tgz",
      "integrity": "sha1-7GphrlZIDAw8skHJVhjiCJL5Zyo="
    },
    "config": {
      "version": "3.3.1",
      "resolved": "https://registry.npmjs.org/config/-/config-3.3.1.tgz",
      "integrity": "sha512-+2/KaaaAzdwUBE3jgZON11L1ggLLhpf2FsGrfqYFHZW22ySGv/HqYIXrBwKKvn+XZh1UBUjHwAcrfsSkSygT+Q==",
      "requires": {
        "json5": "^2.1.1"
      }
    },
    "debug": {
      "version": "2.6.9",
      "resolved": "https://registry.npmjs.org/debug/-/debug-2.6.9.tgz",
      "integrity": "sha512-bC7ElrdJaJnPbAP+1EotYvqZsb3ecl5wi6Bfi6BJTUcNowp6cvspg0jXznRTKDjm/E7AdgFBVeAPVMNcKGsHMA==",
      "requires": {
        "ms": "2.0.0"
      }
    },
    "delegates": {
      "version": "0.1.0",
      "resolved": "https://registry.npmjs.org/delegates/-/delegates-0.1.0.tgz",
      "integrity": "sha1-tLV74RoWU1F6BLJ/CUm9wyff45A="
    },
    "deprecate": {
      "version": "1.1.1",
      "resolved": "https://registry.npmjs.org/deprecate/-/deprecate-1.1.1.tgz",
      "integrity": "sha512-ZGDXefq1xknT292LnorMY5s8UVU08/WKdzDZCUT6t9JzsiMSP4uzUhgpqugffNVcT5WC6wMBiSQ+LFjlv3v7iQ=="
    },
    "drachtio-fsmrf": {
      "version": "2.0.1",
      "resolved": "https://registry.npmjs.org/drachtio-fsmrf/-/drachtio-fsmrf-2.0.1.tgz",
      "integrity": "sha512-XVO4OSgBoxZMkIer5RZXv38A52UXfLLTd9P45NGSQA+TCBYBxP/8NRcOu+Sp/+wYVPDQtFVDuhxWvggHF9nHPQ==",
      "requires": {
        "async": "^1.4.2",
        "debug": "^2.2.0",
        "delegates": "^0.1.0",
        "drachtio-modesl": "^1.2.0",
        "drachtio-srf": "^4.4.15",
        "lodash": "^4.17.15",
        "minimist": "^1.2.0",
        "moment": "^2.13.0",
        "only": "0.0.2",
        "sdp-transform": "^2.7.0",
        "uuid": "^3.0.0"
      }
    },
    "drachtio-modesl": {
      "version": "1.2.0",
      "resolved": "https://registry.npmjs.org/drachtio-modesl/-/drachtio-modesl-1.2.0.tgz",
      "integrity": "sha512-nkua3RfYnT32OvglERO2zWzJZAfQooZIarZVVAye+iGqTwYJ69X7bU7du5SBHz/jBl+LgeWITMP2fMe2TelxmA==",
      "requires": {
        "debug": "^4.1.1",
        "eventemitter2": "^4.1",
        "uuid": "^3.1.0",
        "xml2js": "^0.4.19"
      },
      "dependencies": {
        "debug": {
          "version": "4.1.1",
          "resolved": "https://registry.npmjs.org/debug/-/debug-4.1.1.tgz",
          "integrity": "sha512-pYAIzeRo8J6KPEaJ0VWOh5Pzkbw/RetuzehGM7QRRX5he4fPHx2rdKMB256ehJCkX+XRQm16eZLqLNS8RSZXZw==",
          "requires": {
            "ms": "^2.1.1"
          }
        },
        "ms": {
          "version": "2.1.2",
          "resolved": "https://registry.npmjs.org/ms/-/ms-2.1.2.tgz",
          "integrity": "sha512-sGkPx+VjMtmA6MX27oA4FBFELFCZZ4S4XqeGOXCv68tT+jb3vk/RyaKWP0PTKyWtmLSM0b+adUTEvbs1PEaH2w=="
        }
      }
    },
    "drachtio-mw-registration-parser": {
      "version": "0.0.2",
      "resolved": "https://registry.npmjs.org/drachtio-mw-registration-parser/-/drachtio-mw-registration-parser-0.0.2.tgz",
      "integrity": "sha1-Bmlv43Wvt/68AI8oaCJWukEHWAE="
    },
    "drachtio-sip": {
      "version": "0.4.0",
      "resolved": "https://registry.npmjs.org/drachtio-sip/-/drachtio-sip-0.4.0.tgz",
      "integrity": "sha512-/HHK0KH8sfQxUuVrYwaaRxdCq7j6sAQMxzegqzGQeOULx2TNeYb9Bf2SF5AO59DpmYkQRc+ezuHX58EpN/SR7A==",
      "requires": {
        "debug": "^4.1.1",
        "merge": ">=1.2.1",
        "only": "0.0.2",
        "sip-message-examples": "0.0.5",
        "sip-status": "~0.1.0"
      },
      "dependencies": {
        "debug": {
          "version": "4.1.1",
          "resolved": "https://registry.npmjs.org/debug/-/debug-4.1.1.tgz",
          "integrity": "sha512-pYAIzeRo8J6KPEaJ0VWOh5Pzkbw/RetuzehGM7QRRX5he4fPHx2rdKMB256ehJCkX+XRQm16eZLqLNS8RSZXZw==",
          "requires": {
            "ms": "^2.1.1"
          }
        },
        "ms": {
          "version": "2.1.2",
          "resolved": "https://registry.npmjs.org/ms/-/ms-2.1.2.tgz",
          "integrity": "sha512-sGkPx+VjMtmA6MX27oA4FBFELFCZZ4S4XqeGOXCv68tT+jb3vk/RyaKWP0PTKyWtmLSM0b+adUTEvbs1PEaH2w=="
        }
      }
    },
    "drachtio-srf": {
      "version": "4.4.37",
      "resolved": "https://registry.npmjs.org/drachtio-srf/-/drachtio-srf-4.4.37.tgz",
      "integrity": "sha512-Z7MpHzee8z6gYVFgLRCqTC2Tt7d0v+EjDLhpZDLpEX0gMTs2Qey+VZ6QxO4CGyMrysZsLBZG5ZBNEifC2gBkHg==",
      "requires": {
        "async": "^1.4.2",
        "debug": "^3.2.6",
        "delegates": "^0.1.0",
        "deprecate": "^1.1.1",
        "drachtio-mw-registration-parser": "0.0.2",
        "drachtio-sip": "^0.4.0",
        "lodash": "^4.17.20",
        "node-noop": "0.0.1",
        "only": "0.0.2",
        "sdp-transform": "^2.14.0",
        "sip-methods": "^0.3.0",
        "utils-merge": "1.0.0",
        "uuid": "^3.4.0"
      },
      "dependencies": {
        "debug": {
          "version": "3.2.6",
          "resolved": "https://registry.npmjs.org/debug/-/debug-3.2.6.tgz",
          "integrity": "sha512-mel+jf7nrtEl5Pn1Qx46zARXKDpBbvzezse7p7LqINmdoIk8PYP5SySaxEmYv6TZ0JyEKA1hsCId6DIhgITtWQ==",
          "requires": {
            "ms": "^2.1.1"
          }
        },
        "ms": {
          "version": "2.1.2",
          "resolved": "https://registry.npmjs.org/ms/-/ms-2.1.2.tgz",
          "integrity": "sha512-sGkPx+VjMtmA6MX27oA4FBFELFCZZ4S4XqeGOXCv68tT+jb3vk/RyaKWP0PTKyWtmLSM0b+adUTEvbs1PEaH2w=="
        }
      }
    },
    "eventemitter2": {
      "version": "4.1.2",
      "resolved": "https://registry.npmjs.org/eventemitter2/-/eventemitter2-4.1.2.tgz",
      "integrity": "sha1-DhqEd6+CGm7zmVsxG/dMI6UkfxU="
    },
    "json5": {
      "version": "2.1.3",
      "resolved": "https://registry.npmjs.org/json5/-/json5-2.1.3.tgz",
      "integrity": "sha512-KXPvOm8K9IJKFM0bmdn8QXh7udDh1g/giieX0NLCaMnb4hEiVFqnop2ImTXCc5e0/oHz3LTqmHGtExn5hfMkOA==",
      "requires": {
        "minimist": "^1.2.5"
      }
    },
    "lodash": {
      "version": "4.17.20",
      "resolved": "https://registry.npmjs.org/lodash/-/lodash-4.17.20.tgz",
      "integrity": "sha512-PlhdFcillOINfeV7Ni6oF1TAEayyZBoZ8bcshTHqOYJYlrqzRK5hagpagky5o4HfCzzd1TRkXPMFq6cKk9rGmA=="
    },
    "merge": {
      "version": "1.2.1",
      "resolved": "https://registry.npmjs.org/merge/-/merge-1.2.1.tgz",
      "integrity": "sha512-VjFo4P5Whtj4vsLzsYBu5ayHhoHJ0UqNm7ibvShmbmoz7tGi0vXaoJbGdB+GmDMLUdg8DpQXEIeVDAe8MaABvQ=="
    },
    "minimist": {
      "version": "1.2.5",
      "resolved": "https://registry.npmjs.org/minimist/-/minimist-1.2.5.tgz",
      "integrity": "sha512-FM9nNUYrRBAELZQT3xeZQ7fmMOBg6nWNmJKTcgsJeaLstP/UODVpGsr5OhXhhXg6f+qtJ8uiZ+PUxkDWcgIXLw=="
    },
    "moment": {
      "version": "2.27.0",
      "resolved": "https://registry.npmjs.org/moment/-/moment-2.27.0.tgz",
      "integrity": "sha512-al0MUK7cpIcglMv3YF13qSgdAIqxHTO7brRtaz3DlSULbqfazqkc5kEjNrLDOM7fsjshoFIihnU8snrP7zUvhQ=="
    },
    "ms": {
      "version": "2.0.0",
      "resolved": "https://registry.npmjs.org/ms/-/ms-2.0.0.tgz",
      "integrity": "sha1-VgiurfwAvmwpAd9fmGF4jeDVl8g="
    },
    "node-noop": {
      "version": "0.0.1",
      "resolved": "https://registry.npmjs.org/node-noop/-/node-noop-0.0.1.tgz",
      "integrity": "sha1-CFzLsA3AY6eb5EwpDcqLpcXVQVM="
    },
    "only": {
      "version": "0.0.2",
      "resolved": "https://registry.npmjs.org/only/-/only-0.0.2.tgz",
      "integrity": "sha1-Kv3oTQPlC5qO3EROMGEKcCle37Q="
    },
    "sax": {
      "version": "1.2.4",
      "resolved": "https://registry.npmjs.org/sax/-/sax-1.2.4.tgz",
      "integrity": "sha512-NqVDv9TpANUjFm0N8uM5GxL36UgKi9/atZw+x7YFnQ8ckwFGKrl4xX4yWtrey3UJm5nP1kUbnYgLopqWNSRhWw=="
    },
    "sdp-transform": {
      "version": "2.14.0",
      "resolved": "https://registry.npmjs.org/sdp-transform/-/sdp-transform-2.14.0.tgz",
      "integrity": "sha512-8ZYOau/o9PzRhY0aMuRzvmiM6/YVQR8yjnBScvZHSdBnywK5oZzAJK+412ZKkDq29naBmR3bRw8MFu0C01Gehg=="
    },
    "sip-message-examples": {
      "version": "0.0.5",
      "resolved": "https://registry.npmjs.org/sip-message-examples/-/sip-message-examples-0.0.5.tgz",
      "integrity": "sha512-p/t6su7UkiicfUR2CWlUO3rJJIeGO+6oekdnCp8QC6ut5z3AyfhjaefmJKWW8JyrC/2nZYmLdEfBqpKryS4QSg=="
    },
    "sip-methods": {
      "version": "0.3.0",
      "resolved": "https://registry.npmjs.org/sip-methods/-/sip-methods-0.3.0.tgz",
      "integrity": "sha1-6KKiO7EEKPuem1hCv2Q9TrPrnPM="
    },
    "sip-status": {
      "version": "0.1.0",
      "resolved": "https://registry.npmjs.org/sip-status/-/sip-status-0.1.0.tgz",
      "integrity": "sha1-fHvT+cvfLQ09g6AGwxyAlVJdH5c="
    },
    "utils-merge": {
      "version": "1.0.0",
      "resolved": "https://registry.npmjs.org/utils-merge/-/utils-merge-1.0.0.tgz",
      "integrity": "sha1-ApT7kiu5N1FTVBxPcJYjHyh8ivg="
    },
    "uuid": {
      "version": "3.4.0",
      "resolved": "https://registry.npmjs.org/uuid/-/uuid-3.4.0.tgz",
      "integrity": "sha512-HjSDRw6gZE5JMggctHBcjVak08+KEVhSIiDzFnT9S9aegmp85S/bReBVTb4QTFaRNptJ9kuYaNhnbNEOkbKb/A=="
    },
    "ws": {
      "version": "7.4.6",
      "resolved": "https://registry.npmjs.org/ws/-/ws-7.4.6.tgz",
      "integrity": "sha512-YmhHDO4MzaDLB+M9ym/mDA5z0naX8j7SIlT8f8z+I0VtzsRbekxEutHSme7NPS2qE8StCYQNUnfWdXta/Yu85A=="
    },
    "xml2js": {
      "version": "0.4.23",
      "resolved": "https://registry.npmjs.org/xml2js/-/xml2js-0.4.23.tgz",
      "integrity": "sha512-ySPiMjM0+pLDftHgXY4By0uswI3SPKLDw/i3UXbnO8M/p28zqexCUoPmQFrYD+/1BzhGJSs2i1ERWKJAtiLrug==",
      "requires": {
        "sax": ">=0.6.0",
        "xmlbuilder": "~11.0.0"
      }
    },
    "xmlbuilder": {
      "version": "11.0.1",
      "resolved": "https://registry.npmjs.org/xmlbuilder/-/xmlbuilder-11.0.1.tgz",
      "integrity": "sha512-fDlsI/kFEx7gLvbecc0/ohLG50fugQp8ryHzMTuW9vSa1GJ0XYWKnhsUx7oie3G98+r56aTQIUB4kht42R3JvA=="
    }
  }
}
